// !$*UTF8*$!
{
	archiveVersion = 1;
	classes = {
	};
	objectVersion = 50;
	objects = {

/* Begin PBXBuildFile section */
		BAD7AA6722E0C20F002D74DC /* AppDelegate.swift in Sources */ = {isa = PBXBuildFile; fileRef = BAD7AA6622E0C20F002D74DC /* AppDelegate.swift */; };
		BAD7AA6922E0C20F002D74DC /* TodoListViewController.swift in Sources */ = {isa = PBXBuildFile; fileRef = BAD7AA6822E0C20F002D74DC /* TodoListViewController.swift */; };
		BAD7AA6C22E0C20F002D74DC /* Main.storyboard in Resources */ = {isa = PBXBuildFile; fileRef = BAD7AA6A22E0C20F002D74DC /* Main.storyboard */; };
		BAD7AA6E22E0C210002D74DC /* Assets.xcassets in Resources */ = {isa = PBXBuildFile; fileRef = BAD7AA6D22E0C210002D74DC /* Assets.xcassets */; };
		BAD7AA7122E0C210002D74DC /* LaunchScreen.storyboard in Resources */ = {isa = PBXBuildFile; fileRef = BAD7AA6F22E0C210002D74DC /* LaunchScreen.storyboard */; };
		BAD7AA7F22E10939002D74DC /* DataModel.xcdatamodeld in Sources */ = {isa = PBXBuildFile; fileRef = BAD7AA7D22E10939002D74DC /* DataModel.xcdatamodeld */; };
		BAD7AA8122E21CDE002D74DC /* CategoryTableViewController.swift in Sources */ = {isa = PBXBuildFile; fileRef = BAD7AA8022E21CDE002D74DC /* CategoryTableViewController.swift */; };
/* End PBXBuildFile section */

/* Begin PBXFileReference section */
		BAD7AA6322E0C20F002D74DC /* Todoey.app */ = {isa = PBXFileReference; explicitFileType = wrapper.application; includeInIndex = 0; path = Todoey.app; sourceTree = BUILT_PRODUCTS_DIR; };
		BAD7AA6622E0C20F002D74DC /* AppDelegate.swift */ = {isa = PBXFileReference; lastKnownFileType = sourcecode.swift; path = AppDelegate.swift; sourceTree = "<group>"; };
		BAD7AA6822E0C20F002D74DC /* TodoListViewController.swift */ = {isa = PBXFileReference; lastKnownFileType = sourcecode.swift; path = TodoListViewController.swift; sourceTree = "<group>"; };
		BAD7AA6B22E0C20F002D74DC /* Base */ = {isa = PBXFileReference; lastKnownFileType = file.storyboard; name = Base; path = Base.lproj/Main.storyboard; sourceTree = "<group>"; };
		BAD7AA6D22E0C210002D74DC /* Assets.xcassets */ = {isa = PBXFileReference; lastKnownFileType = folder.assetcatalog; path = Assets.xcassets; sourceTree = "<group>"; };
		BAD7AA7022E0C210002D74DC /* Base */ = {isa = PBXFileReference; lastKnownFileType = file.storyboard; name = Base; path = Base.lproj/LaunchScreen.storyboard; sourceTree = "<group>"; };
		BAD7AA7222E0C210002D74DC /* Info.plist */ = {isa = PBXFileReference; lastKnownFileType = text.plist.xml; path = Info.plist; sourceTree = "<group>"; };
		BAD7AA7E22E10939002D74DC /* DataModel.xcdatamodel */ = {isa = PBXFileReference; lastKnownFileType = wrapper.xcdatamodel; path = DataModel.xcdatamodel; sourceTree = "<group>"; };
		BAD7AA8022E21CDE002D74DC /* CategoryTableViewController.swift */ = {isa = PBXFileReference; lastKnownFileType = sourcecode.swift; path = CategoryTableViewController.swift; sourceTree = "<group>"; };
/* End PBXFileReference section */

/* Begin PBXFrameworksBuildPhase section */
		BAD7AA6022E0C20F002D74DC /* Frameworks */ = {
			isa = PBXFrameworksBuildPhase;
			buildActionMask = 2147483647;
			files = (
			);
			runOnlyForDeploymentPostprocessing = 0;
		};
/* End PBXFrameworksBuildPhase section */

/* Begin PBXGroup section */
		BAD7AA5A22E0C20F002D74DC = {
			isa = PBXGroup;
			children = (
				BAD7AA6522E0C20F002D74DC /* Todoey */,
				BAD7AA6422E0C20F002D74DC /* Products */,
			);
			sourceTree = "<group>";
		};
		BAD7AA6422E0C20F002D74DC /* Products */ = {
			isa = PBXGroup;
			children = (
				BAD7AA6322E0C20F002D74DC /* Todoey.app */,
			);
			name = Products;
			sourceTree = "<group>";
		};
		BAD7AA6522E0C20F002D74DC /* Todoey */ = {
			isa = PBXGroup;
			children = (
				BAD7AA6622E0C20F002D74DC /* AppDelegate.swift */,
				BAD7AA7C22E0F161002D74DC /* Controllers */,
				BAD7AA7822E0F121002D74DC /* Supporting Files */,
				BAD7AA7222E0C210002D74DC /* Info.plist */,
				BAD7AA7B22E0F158002D74DC /* Models */,
			);
			path = Todoey;
			sourceTree = "<group>";
		};
		BAD7AA7822E0F121002D74DC /* Supporting Files */ = {
			isa = PBXGroup;
			children = (
				BAD7AA6D22E0C210002D74DC /* Assets.xcassets */,
				BAD7AA6A22E0C20F002D74DC /* Main.storyboard */,
				BAD7AA6F22E0C210002D74DC /* LaunchScreen.storyboard */,
			);
			path = "Supporting Files";
			sourceTree = "<group>";
		};
		BAD7AA7B22E0F158002D74DC /* Models */ = {
			isa = PBXGroup;
			children = (
				BAD7AA7D22E10939002D74DC /* DataModel.xcdatamodeld */,
			);
			path = Models;
			sourceTree = "<group>";
		};
		BAD7AA7C22E0F161002D74DC /* Controllers */ = {
			isa = PBXGroup;
			children = (
				BAD7AA6822E0C20F002D74DC /* TodoListViewController.swift */,
				BAD7AA8022E21CDE002D74DC /* CategoryTableViewController.swift */,
			);
			path = Controllers;
			sourceTree = "<group>";
		};
/* End PBXGroup section */

/* Begin PBXNativeTarget section */
		BAD7AA6222E0C20F002D74DC /* Todoey */ = {
			isa = PBXNativeTarget;
			buildConfigurationList = BAD7AA7522E0C210002D74DC /* Build configuration list for PBXNativeTarget "Todoey" */;
			buildPhases = (
				BAD7AA5F22E0C20F002D74DC /* Sources */,
				BAD7AA6022E0C20F002D74DC /* Frameworks */,
				BAD7AA6122E0C20F002D74DC /* Resources */,
			);
			buildRules = (
			);
			dependencies = (
			);
			name = Todoey;
			productName = Todoey;
			productReference = BAD7AA6322E0C20F002D74DC /* Todoey.app */;
			productType = "com.apple.product-type.application";
		};
/* End PBXNativeTarget section */

/* Begin PBXProject section */
		BAD7AA5B22E0C20F002D74DC /* Project object */ = {
			isa = PBXProject;
			attributes = {
				LastSwiftUpdateCheck = 1020;
				LastUpgradeCheck = 1020;
				ORGANIZATIONNAME = "Tanaka Mazivanhanga";
				TargetAttributes = {
					BAD7AA6222E0C20F002D74DC = {
						CreatedOnToolsVersion = 10.2.1;
					};
				};
			};
			buildConfigurationList = BAD7AA5E22E0C20F002D74DC /* Build configuration list for PBXProject "Todoey" */;
			compatibilityVersion = "Xcode 9.3";
			developmentRegion = en;
			hasScannedForEncodings = 0;
			knownRegions = (
				en,
				Base,
			);
			mainGroup = BAD7AA5A22E0C20F002D74DC;
			productRefGroup = BAD7AA6422E0C20F002D74DC /* Products */;
			projectDirPath = "";
			projectRoot = "";
			targets = (
				BAD7AA6222E0C20F002D74DC /* Todoey */,
			);
		};
/* End PBXProject section */

/* Begin PBXResourcesBuildPhase section */
		BAD7AA6122E0C20F002D74DC /* Resources */ = {
			isa = PBXResourcesBuildPhase;
			buildActionMask = 2147483647;
			files = (
				BAD7AA7122E0C210002D74DC /* LaunchScreen.storyboard in Resources */,
				BAD7AA6E22E0C210002D74DC /* Assets.xcassets in Resources */,
				BAD7AA6C22E0C20F002D74DC /* Main.storyboard in Resources */,
			);
			runOnlyForDeploymentPostprocessing = 0;
		};
/* End PBXResourcesBuildPhase section */

/* Begin PBXSourcesBuildPhase section */
		BAD7AA5F22E0C20F002D74DC /* Sources */ = {
			isa = PBXSourcesBuildPhase;
			buildActionMask = 2147483647;
			files = (
				BAD7AA7F22E10939002D74DC /* DataModel.xcdatamodeld in Sources */,
				BAD7AA6922E0C20F002D74DC /* TodoListViewController.swift in Sources */,
				BAD7AA6722E0C20F002D74DC /* AppDelegate.swift in Sources */,
				BAD7AA8122E21CDE002D74DC /* CategoryTableViewController.swift in Sources */,
			);
			runOnlyForDeploymentPostprocessing = 0;
		};
/* End PBXSourcesBuildPhase section */

/* Begin PBXVariantGroup section */
		BAD7AA6A22E0C20F002D74DC /* Main.storyboard */ = {
			isa = PBXVariantGroup;
			children = (
				BAD7AA6B22E0C20F002D74DC /* Base */,
			);
			name = Main.storyboard;
			sourceTree = "<group>";
		};
		BAD7AA6F22E0C210002D74DC /* LaunchScreen.storyboard */ = {
			isa = PBXVariantGroup;
			children = (
				BAD7AA7022E0C210002D74DC /* Base */,
			);
			name = LaunchScreen.storyboard;
			sourceTree = "<group>";
		};
/* End PBXVariantGroup section */

/* Begin XCBuildConfiguration section */
		BAD7AA7322E0C210002D74DC /* Debug */ = {
			isa = XCBuildConfiguration;
			buildSettings = {
				ALWAYS_SEARCH_USER_PATHS = NO;
				CLANG_ANALYZER_NONNULL = YES;
				CLANG_ANALYZER_NUMBER_OBJECT_CONVERSION = YES_AGGRESSIVE;
				CLANG_CXX_LANGUAGE_STANDARD = "gnu++14";
				CLANG_CXX_LIBRARY = "libc++";
				CLANG_ENABLE_MODULES = YES;
				CLANG_ENABLE_OBJC_ARC = YES;
				CLANG_ENABLE_OBJC_WEAK = YES;
				CLANG_WARN_BLOCK_CAPTURE_AUTORELEASING = YES;
				CLANG_WARN_BOOL_CONVERSION = YES;
				CLANG_WARN_COMMA = YES;
				CLANG_WARN_CONSTANT_CONVERSION = YES;
				CLANG_WARN_DEPRECATED_OBJC_IMPLEMENTATIONS = YES;
				CLANG_WARN_DIRECT_OBJC_ISA_USAGE = YES_ERROR;
				CLANG_WARN_DOCUMENTATION_COMMENTS = YES;
				CLANG_WARN_EMPTY_BODY = YES;
				CLANG_WARN_ENUM_CONVERSION = YES;
				CLANG_WARN_INFINITE_RECURSION = YES;
				CLANG_WARN_INT_CONVERSION = YES;
				CLANG_WARN_NON_LITERAL_NULL_CONVERSION = YES;
				CLANG_WARN_OBJC_IMPLICIT_RETAIN_SELF = YES;
				CLANG_WARN_OBJC_LITERAL_CONVERSION = YES;
				CLANG_WARN_OBJC_ROOT_CLASS = YES_ERROR;
				CLANG_WARN_RANGE_LOOP_ANALYSIS = YES;
				CLANG_WARN_STRICT_PROTOTYPES = YES;
				CLANG_WARN_SUSPICIOUS_MOVE = YES;
				CLANG_WARN_UNGUARDED_AVAILABILITY = YES_AGGRESSIVE;
				CLANG_WARN_UNREACHABLE_CODE = YES;
				CLANG_WARN__DUPLICATE_METHOD_MATCH = YES;
				CODE_SIGN_IDENTITY = "iPhone Developer";
				COPY_PHASE_STRIP = NO;
				DEBUG_INFORMATION_FORMAT = dwarf;
				ENABLE_STRICT_OBJC_MSGSEND = YES;
				ENABLE_TESTABILITY = YES;
				GCC_C_LANGUAGE_STANDARD = gnu11;
				GCC_DYNAMIC_NO_PIC = NO;
				GCC_NO_COMMON_BLOCKS = YES;
				GCC_OPTIMIZATION_LEVEL = 0;
				GCC_PREPROCESSOR_DEFINITIONS = (
					"DEBUG=1",
					"$(inherited)",
				);
				GCC_WARN_64_TO_32_BIT_CONVERSION = YES;
				GCC_WARN_ABOUT_RETURN_TYPE = YES_ERROR;
				GCC_WARN_UNDECLARED_SELECTOR = YES;
				GCC_WARN_UNINITIALIZED_AUTOS = YES_AGGRESSIVE;
				GCC_WARN_UNUSED_FUNCTION = YES;
				GCC_WARN_UNUSED_VARIABLE = YES;
				IPHONEOS_DEPLOYMENT_TARGET = 12.2;
				MTL_ENABLE_DEBUG_INFO = INCLUDE_SOURCE;
				MTL_FAST_MATH = YES;
				ONLY_ACTIVE_ARCH = YES;
				SDKROOT = iphoneos;
				SWIFT_ACTIVE_COMPILATION_CONDITIONS = DEBUG;
				SWIFT_OPTIMIZATION_LEVEL = "-Onone";
			};
			name = Debug;
		};
		BAD7AA7422E0C210002D74DC /* Release */ = {
			isa = XCBuildConfiguration;
			buildSettings = {
				ALWAYS_SEARCH_USER_PATHS = NO;
				CLANG_ANALYZER_NONNULL = YES;
				CLANG_ANALYZER_NUMBER_OBJECT_CONVERSION = YES_AGGRESSIVE;
				CLANG_CXX_LANGUAGE_STANDARD = "gnu++14";
				CLANG_CXX_LIBRARY = "libc++";
				CLANG_ENABLE_MODULES = YES;
				CLANG_ENABLE_OBJC_ARC = YES;
				CLANG_ENABLE_OBJC_WEAK = YES;
				CLANG_WARN_BLOCK_CAPTURE_AUTORELEASING = YES;
				CLANG_WARN_BOOL_CONVERSION = YES;
				CLANG_WARN_COMMA = YES;
				CLANG_WARN_CONSTANT_CONVERSION = YES;
				CLANG_WARN_DEPRECATED_OBJC_IMPLEMENTATIONS = YES;
				CLANG_WARN_DIRECT_OBJC_ISA_USAGE = YES_ERROR;
				CLANG_WARN_DOCUMENTATION_COMMENTS = YES;
				CLANG_WARN_EMPTY_BODY = YES;
				CLANG_WARN_ENUM_CONVERSION = YES;
				CLANG_WARN_INFINITE_RECURSION = YES;
				CLANG_WARN_INT_CONVERSION = YES;
				CLANG_WARN_NON_LITERAL_NULL_CONVERSION = YES;
				CLANG_WARN_OBJC_IMPLICIT_RETAIN_SELF = YES;
				CLANG_WARN_OBJC_LITERAL_CONVERSION = YES;
				CLANG_WARN_OBJC_ROOT_CLASS = YES_ERROR;
				CLANG_WARN_RANGE_LOOP_ANALYSIS = YES;
				CLANG_WARN_STRICT_PROTOTYPES = YES;
				CLANG_WARN_SUSPICIOUS_MOVE = YES;
				CLANG_WARN_UNGUARDED_AVAILABILITY = YES_AGGRESSIVE;
				CLANG_WARN_UNREACHABLE_CODE = YES;
				CLANG_WARN__DUPLICATE_METHOD_MATCH = YES;
				CODE_SIGN_IDENTITY = "iPhone Developer";
				COPY_PHASE_STRIP = NO;
				DEBUG_INFORMATION_FORMAT = "dwarf-with-dsym";
				ENABLE_NS_ASSERTIONS = NO;
				ENABLE_STRICT_OBJC_MSGSEND = YES;
				GCC_C_LANGUAGE_STANDARD = gnu11;
				GCC_NO_COMMON_BLOCKS = YES;
				GCC_WARN_64_TO_32_BIT_CONVERSION = YES;
				GCC_WARN_ABOUT_RETURN_TYPE = YES_ERROR;
				GCC_WARN_UNDECLARED_SELECTOR = YES;
				GCC_WARN_UNINITIALIZED_AUTOS = YES_AGGRESSIVE;
				GCC_WARN_UNUSED_FUNCTION = YES;
				GCC_WARN_UNUSED_VARIABLE = YES;
				IPHONEOS_DEPLOYMENT_TARGET = 12.2;
				MTL_ENABLE_DEBUG_INFO = NO;
				MTL_FAST_MATH = YES;
				SDKROOT = iphoneos;
				SWIFT_COMPILATION_MODE = wholemodule;
				SWIFT_OPTIMIZATION_LEVEL = "-O";
				VALIDATE_PRODUCT = YES;
			};
			name = Release;
		};
		BAD7AA7622E0C210002D74DC /* Debug */ = {
			isa = XCBuildConfiguration;
			buildSettings = {
				ASSETCATALOG_COMPILER_APPICON_NAME = AppIcon;
				CODE_SIGN_STYLE = Automatic;
				DEVELOPMENT_TEAM = J3NVQ5AFC2;
				INFOPLIST_FILE = Todoey/Info.plist;
				LD_RUNPATH_SEARCH_PATHS = (
					"$(inherited)",
					"@executable_path/Frameworks",
				);
				PRODUCT_BUNDLE_IDENTIFIER = com.tanakamazivanhanga.Todoey;
				PRODUCT_NAME = "$(TARGET_NAME)";
				SWIFT_VERSION = 5.0;
				TARGETED_DEVICE_FAMILY = "1,2";
			};
			name = Debug;
		};
		BAD7AA7722E0C210002D74DC /* Release */ = {
			isa = XCBuildConfiguration;
			buildSettings = {
				ASSETCATALOG_COMPILER_APPICON_NAME = AppIcon;
				CODE_SIGN_STYLE = Automatic;
				DEVELOPMENT_TEAM = J3NVQ5AFC2;
				INFOPLIST_FILE = Todoey/Info.plist;
				LD_RUNPATH_SEARCH_PATHS = (
					"$(inherited)",
					"@executable_path/Frameworks",
				);
				PRODUCT_BUNDLE_IDENTIFIER = com.tanakamazivanhanga.Todoey;
				PRODUCT_NAME = "$(TARGET_NAME)";
				SWIFT_VERSION = 5.0;
				TARGETED_DEVICE_FAMILY = "1,2";
			};
			name = Release;
		};
/* End XCBuildConfiguration section */

/* Begin XCConfigurationList section */
		BAD7AA5E22E0C20F002D74DC /* Build configuration list for PBXProject "Todoey" */ = {
			isa = XCConfigurationList;
			buildConfigurations = (
				BAD7AA7322E0C210002D74DC /* Debug */,
				BAD7AA7422E0C210002D74DC /* Release */,
			);
			defaultConfigurationIsVisible = 0;
			defaultConfigurationName = Release;
		};
		BAD7AA7522E0C210002D74DC /* Build configuration list for PBXNativeTarget "Todoey" */ = {
			isa = XCConfigurationList;
			buildConfigurations = (
				BAD7AA7622E0C210002D74DC /* Debug */,
				BAD7AA7722E0C210002D74DC /* Release */,
			);
			defaultConfigurationIsVisible = 0;
			defaultConfigurationName = Release;
		};
/* End XCConfigurationList section */

/* Begin XCVersionGroup section */
		BAD7AA7D22E10939002D74DC /* DataModel.xcdatamodeld */ = {
			isa = XCVersionGroup;
			children = (
				BAD7AA7E22E10939002D74DC /* DataModel.xcdatamodel */,
			);
			currentVersion = BAD7AA7E22E10939002D74DC /* DataModel.xcdatamodel */;
			path = DataModel.xcdatamodeld;
			sourceTree = "<group>";
			versionGroupType = wrapper.xcdatamodel;
		};
/* End XCVersionGroup section */
	};
	rootObject = BAD7AA5B22E0C20F002D74DC /* Project object */;
}
