// !$*UTF8*$!
{
	archiveVersion = 1;
	classes = {
	};
	objectVersion = 50;
	objects = {

/* Begin PBXBuildFile section */
		00903EF08EB81DDA67651B1C /* Pods_IBMSeefood.framework in Frameworks */ = {isa = PBXBuildFile; fileRef = 0EDAC06F3460C5F71815DD26 /* Pods_IBMSeefood.framework */; };
		BA55B26722E7596600AF013E /* AppDelegate.swift in Sources */ = {isa = PBXBuildFile; fileRef = BA55B26622E7596600AF013E /* AppDelegate.swift */; };
		BA55B26922E7596600AF013E /* ViewController.swift in Sources */ = {isa = PBXBuildFile; fileRef = BA55B26822E7596600AF013E /* ViewController.swift */; };
		BA55B26C22E7596600AF013E /* Main.storyboard in Resources */ = {isa = PBXBuildFile; fileRef = BA55B26A22E7596600AF013E /* Main.storyboard */; };
		BA55B26E22E7596700AF013E /* Assets.xcassets in Resources */ = {isa = PBXBuildFile; fileRef = BA55B26D22E7596700AF013E /* Assets.xcassets */; };
		BA55B27122E7596700AF013E /* LaunchScreen.storyboard in Resources */ = {isa = PBXBuildFile; fileRef = BA55B26F22E7596700AF013E /* LaunchScreen.storyboard */; };
/* End PBXBuildFile section */

/* Begin PBXFileReference section */
		0EDAC06F3460C5F71815DD26 /* Pods_IBMSeefood.framework */ = {isa = PBXFileReference; explicitFileType = wrapper.framework; includeInIndex = 0; path = Pods_IBMSeefood.framework; sourceTree = BUILT_PRODUCTS_DIR; };
		820C62170B957C6A29C30774 /* Pods-IBMSeefood.debug.xcconfig */ = {isa = PBXFileReference; includeInIndex = 1; lastKnownFileType = text.xcconfig; name = "Pods-IBMSeefood.debug.xcconfig"; path = "Pods/Target Support Files/Pods-IBMSeefood/Pods-IBMSeefood.debug.xcconfig"; sourceTree = "<group>"; };
		A43828A9729C8CF0A70EAFB5 /* Pods-IBMSeefood.release.xcconfig */ = {isa = PBXFileReference; includeInIndex = 1; lastKnownFileType = text.xcconfig; name = "Pods-IBMSeefood.release.xcconfig"; path = "Pods/Target Support Files/Pods-IBMSeefood/Pods-IBMSeefood.release.xcconfig"; sourceTree = "<group>"; };
		BA55B26322E7596600AF013E /* IBMSeefood.app */ = {isa = PBXFileReference; explicitFileType = wrapper.application; includeInIndex = 0; path = IBMSeefood.app; sourceTree = BUILT_PRODUCTS_DIR; };
		BA55B26622E7596600AF013E /* AppDelegate.swift */ = {isa = PBXFileReference; lastKnownFileType = sourcecode.swift; path = AppDelegate.swift; sourceTree = "<group>"; };
		BA55B26822E7596600AF013E /* ViewController.swift */ = {isa = PBXFileReference; lastKnownFileType = sourcecode.swift; path = ViewController.swift; sourceTree = "<group>"; };
		BA55B26B22E7596600AF013E /* Base */ = {isa = PBXFileReference; lastKnownFileType = file.storyboard; name = Base; path = Base.lproj/Main.storyboard; sourceTree = "<group>"; };
		BA55B26D22E7596700AF013E /* Assets.xcassets */ = {isa = PBXFileReference; lastKnownFileType = folder.assetcatalog; path = Assets.xcassets; sourceTree = "<group>"; };
		BA55B27022E7596700AF013E /* Base */ = {isa = PBXFileReference; lastKnownFileType = file.storyboard; name = Base; path = Base.lproj/LaunchScreen.storyboard; sourceTree = "<group>"; };
		BA55B27222E7596700AF013E /* Info.plist */ = {isa = PBXFileReference; lastKnownFileType = text.plist.xml; path = Info.plist; sourceTree = "<group>"; };
/* End PBXFileReference section */

/* Begin PBXFrameworksBuildPhase section */
		BA55B26022E7596600AF013E /* Frameworks */ = {
			isa = PBXFrameworksBuildPhase;
			buildActionMask = 2147483647;
			files = (
				00903EF08EB81DDA67651B1C /* Pods_IBMSeefood.framework in Frameworks */,
			);
			runOnlyForDeploymentPostprocessing = 0;
		};
/* End PBXFrameworksBuildPhase section */

/* Begin PBXGroup section */
		2CCD4E26E525ECA08B9E7FE0 /* Pods */ = {
			isa = PBXGroup;
			children = (
				820C62170B957C6A29C30774 /* Pods-IBMSeefood.debug.xcconfig */,
				A43828A9729C8CF0A70EAFB5 /* Pods-IBMSeefood.release.xcconfig */,
			);
			name = Pods;
			sourceTree = "<group>";
		};
		7317DC9F4DADDCE3DB98811E /* Frameworks */ = {
			isa = PBXGroup;
			children = (
				0EDAC06F3460C5F71815DD26 /* Pods_IBMSeefood.framework */,
			);
			name = Frameworks;
			sourceTree = "<group>";
		};
		BA55B25A22E7596600AF013E = {
			isa = PBXGroup;
			children = (
				BA55B26522E7596600AF013E /* IBMSeefood */,
				BA55B26422E7596600AF013E /* Products */,
				2CCD4E26E525ECA08B9E7FE0 /* Pods */,
				7317DC9F4DADDCE3DB98811E /* Frameworks */,
			);
			sourceTree = "<group>";
		};
		BA55B26422E7596600AF013E /* Products */ = {
			isa = PBXGroup;
			children = (
				BA55B26322E7596600AF013E /* IBMSeefood.app */,
			);
			name = Products;
			sourceTree = "<group>";
		};
		BA55B26522E7596600AF013E /* IBMSeefood */ = {
			isa = PBXGroup;
			children = (
				BA55B26622E7596600AF013E /* AppDelegate.swift */,
				BA55B26822E7596600AF013E /* ViewController.swift */,
				BA55B26A22E7596600AF013E /* Main.storyboard */,
				BA55B26D22E7596700AF013E /* Assets.xcassets */,
				BA55B26F22E7596700AF013E /* LaunchScreen.storyboard */,
				BA55B27222E7596700AF013E /* Info.plist */,
			);
			path = IBMSeefood;
			sourceTree = "<group>";
		};
/* End PBXGroup section */

/* Begin PBXNativeTarget section */
		BA55B26222E7596600AF013E /* IBMSeefood */ = {
			isa = PBXNativeTarget;
			buildConfigurationList = BA55B27522E7596700AF013E /* Build configuration list for PBXNativeTarget "IBMSeefood" */;
			buildPhases = (
				4D7F8DBCDC6343EE4DCCCA77 /* [CP] Check Pods Manifest.lock */,
				BA55B25F22E7596600AF013E /* Sources */,
				BA55B26022E7596600AF013E /* Frameworks */,
				BA55B26122E7596600AF013E /* Resources */,
				15621275E2E6F2763EA6F6BF /* [CP] Embed Pods Frameworks */,
			);
			buildRules = (
			);
			dependencies = (
			);
			name = IBMSeefood;
			productName = IBMSeefood;
			productReference = BA55B26322E7596600AF013E /* IBMSeefood.app */;
			productType = "com.apple.product-type.application";
		};
/* End PBXNativeTarget section */

/* Begin PBXProject section */
		BA55B25B22E7596600AF013E /* Project object */ = {
			isa = PBXProject;
			attributes = {
				LastSwiftUpdateCheck = 1030;
				LastUpgradeCheck = 1030;
				ORGANIZATIONNAME = "Tanaka Mazivanhanga";
				TargetAttributes = {
					BA55B26222E7596600AF013E = {
						CreatedOnToolsVersion = 10.3;
					};
				};
			};
			buildConfigurationList = BA55B25E22E7596600AF013E /* Build configuration list for PBXProject "IBMSeefood" */;
			compatibilityVersion = "Xcode 9.3";
			developmentRegion = en;
			hasScannedForEncodings = 0;
			knownRegions = (
				en,
				Base,
			);
			mainGroup = BA55B25A22E7596600AF013E;
			productRefGroup = BA55B26422E7596600AF013E /* Products */;
			projectDirPath = "";
			projectRoot = "";
			targets = (
				BA55B26222E7596600AF013E /* IBMSeefood */,
			);
		};
/* End PBXProject section */

/* Begin PBXResourcesBuildPhase section */
		BA55B26122E7596600AF013E /* Resources */ = {
			isa = PBXResourcesBuildPhase;
			buildActionMask = 2147483647;
			files = (
				BA55B27122E7596700AF013E /* LaunchScreen.storyboard in Resources */,
				BA55B26E22E7596700AF013E /* Assets.xcassets in Resources */,
				BA55B26C22E7596600AF013E /* Main.storyboard in Resources */,
			);
			runOnlyForDeploymentPostprocessing = 0;
		};
/* End PBXResourcesBuildPhase section */

/* Begin PBXShellScriptBuildPhase section */
		15621275E2E6F2763EA6F6BF /* [CP] Embed Pods Frameworks */ = {
			isa = PBXShellScriptBuildPhase;
			buildActionMask = 2147483647;
			files = (
			);
			inputPaths = (
				"${SRCROOT}/Pods/Target Support Files/Pods-IBMSeefood/Pods-IBMSeefood-frameworks.sh",
				"${BUILT_PRODUCTS_DIR}/IBMWatsonRestKit/RestKit.framework",
				"${BUILT_PRODUCTS_DIR}/IBMWatsonVisualRecognitionV3/VisualRecognition.framework",
				"${BUILT_PRODUCTS_DIR}/SVProgressHUD/SVProgressHUD.framework",
			);
			name = "[CP] Embed Pods Frameworks";
			outputPaths = (
				"${TARGET_BUILD_DIR}/${FRAMEWORKS_FOLDER_PATH}/RestKit.framework",
				"${TARGET_BUILD_DIR}/${FRAMEWORKS_FOLDER_PATH}/VisualRecognition.framework",
				"${TARGET_BUILD_DIR}/${FRAMEWORKS_FOLDER_PATH}/SVProgressHUD.framework",
			);
			runOnlyForDeploymentPostprocessing = 0;
			shellPath = /bin/sh;
			shellScript = "\"${SRCROOT}/Pods/Target Support Files/Pods-IBMSeefood/Pods-IBMSeefood-frameworks.sh\"\n";
			showEnvVarsInLog = 0;
		};
		4D7F8DBCDC6343EE4DCCCA77 /* [CP] Check Pods Manifest.lock */ = {
			isa = PBXShellScriptBuildPhase;
			buildActionMask = 2147483647;
			files = (
			);
			inputPaths = (
				"${PODS_PODFILE_DIR_PATH}/Podfile.lock",
				"${PODS_ROOT}/Manifest.lock",
			);
			name = "[CP] Check Pods Manifest.lock";
			outputPaths = (
				"$(DERIVED_FILE_DIR)/Pods-IBMSeefood-checkManifestLockResult.txt",
			);
			runOnlyForDeploymentPostprocessing = 0;
			shellPath = /bin/sh;
			shellScript = "diff \"${PODS_PODFILE_DIR_PATH}/Podfile.lock\" \"${PODS_ROOT}/Manifest.lock\" > /dev/null\nif [ $? != 0 ] ; then\n    # print error to STDERR\n    echo \"error: The sandbox is not in sync with the Podfile.lock. Run 'pod install' or update your CocoaPods installation.\" >&2\n    exit 1\nfi\n# This output is used by Xcode 'outputs' to avoid re-running this script phase.\necho \"SUCCESS\" > \"${SCRIPT_OUTPUT_FILE_0}\"\n";
			showEnvVarsInLog = 0;
		};
/* End PBXShellScriptBuildPhase section */

/* Begin PBXSourcesBuildPhase section */
		BA55B25F22E7596600AF013E /* Sources */ = {
			isa = PBXSourcesBuildPhase;
			buildActionMask = 2147483647;
			files = (
				BA55B26922E7596600AF013E /* ViewController.swift in Sources */,
				BA55B26722E7596600AF013E /* AppDelegate.swift in Sources */,
			);
			runOnlyForDeploymentPostprocessing = 0;
		};
/* End PBXSourcesBuildPhase section */

/* Begin PBXVariantGroup section */
		BA55B26A22E7596600AF013E /* Main.storyboard */ = {
			isa = PBXVariantGroup;
			children = (
				BA55B26B22E7596600AF013E /* Base */,
			);
			name = Main.storyboard;
			sourceTree = "<group>";
		};
		BA55B26F22E7596700AF013E /* LaunchScreen.storyboard */ = {
			isa = PBXVariantGroup;
			children = (
				BA55B27022E7596700AF013E /* Base */,
			);
			name = LaunchScreen.storyboard;
			sourceTree = "<group>";
		};
/* End PBXVariantGroup section */

/* Begin XCBuildConfiguration section */
		BA55B27322E7596700AF013E /* Debug */ = {
			isa = XCBuildConfiguration;
			buildSettings = {
				ALWAYS_SEARCH_USER_PATHS = NO;
				CLANG_ANALYZER_NONNULL = YES;
				CLANG_ANALYZER_NUMBER_OBJECT_CONVERSION = YES_AGGRESSIVE;
				CLANG_CXX_LANGUAGE_STANDARD = "gnu++14";
				CLANG_CXX_LIBRARY = "libc++";
				CLANG_ENABLE_MODULES = YES;
				CLANG_ENABLE_OBJC_ARC = YES;
				CLANG_ENABLE_OBJC_WEAK = YES;
				CLANG_WARN_BLOCK_CAPTURE_AUTORELEASING = YES;
				CLANG_WARN_BOOL_CONVERSION = YES;
				CLANG_WARN_COMMA = YES;
				CLANG_WARN_CONSTANT_CONVERSION = YES;
				CLANG_WARN_DEPRECATED_OBJC_IMPLEMENTATIONS = YES;
				CLANG_WARN_DIRECT_OBJC_ISA_USAGE = YES_ERROR;
				CLANG_WARN_DOCUMENTATION_COMMENTS = YES;
				CLANG_WARN_EMPTY_BODY = YES;
				CLANG_WARN_ENUM_CONVERSION = YES;
				CLANG_WARN_INFINITE_RECURSION = YES;
				CLANG_WARN_INT_CONVERSION = YES;
				CLANG_WARN_NON_LITERAL_NULL_CONVERSION = YES;
				CLANG_WARN_OBJC_IMPLICIT_RETAIN_SELF = YES;
				CLANG_WARN_OBJC_LITERAL_CONVERSION = YES;
				CLANG_WARN_OBJC_ROOT_CLASS = YES_ERROR;
				CLANG_WARN_RANGE_LOOP_ANALYSIS = YES;
				CLANG_WARN_STRICT_PROTOTYPES = YES;
				CLANG_WARN_SUSPICIOUS_MOVE = YES;
				CLANG_WARN_UNGUARDED_AVAILABILITY = YES_AGGRESSIVE;
				CLANG_WARN_UNREACHABLE_CODE = YES;
				CLANG_WARN__DUPLICATE_METHOD_MATCH = YES;
				CODE_SIGN_IDENTITY = "iPhone Developer";
				COPY_PHASE_STRIP = NO;
				DEBUG_INFORMATION_FORMAT = dwarf;
				ENABLE_STRICT_OBJC_MSGSEND = YES;
				ENABLE_TESTABILITY = YES;
				GCC_C_LANGUAGE_STANDARD = gnu11;
				GCC_DYNAMIC_NO_PIC = NO;
				GCC_NO_COMMON_BLOCKS = YES;
				GCC_OPTIMIZATION_LEVEL = 0;
				GCC_PREPROCESSOR_DEFINITIONS = (
					"DEBUG=1",
					"$(inherited)",
				);
				GCC_WARN_64_TO_32_BIT_CONVERSION = YES;
				GCC_WARN_ABOUT_RETURN_TYPE = YES_ERROR;
				GCC_WARN_UNDECLARED_SELECTOR = YES;
				GCC_WARN_UNINITIALIZED_AUTOS = YES_AGGRESSIVE;
				GCC_WARN_UNUSED_FUNCTION = YES;
				GCC_WARN_UNUSED_VARIABLE = YES;
				IPHONEOS_DEPLOYMENT_TARGET = 12.4;
				MTL_ENABLE_DEBUG_INFO = INCLUDE_SOURCE;
				MTL_FAST_MATH = YES;
				ONLY_ACTIVE_ARCH = YES;
				SDKROOT = iphoneos;
				SWIFT_ACTIVE_COMPILATION_CONDITIONS = DEBUG;
				SWIFT_OPTIMIZATION_LEVEL = "-Onone";
			};
			name = Debug;
		};
		BA55B27422E7596700AF013E /* Release */ = {
			isa = XCBuildConfiguration;
			buildSettings = {
				ALWAYS_SEARCH_USER_PATHS = NO;
				CLANG_ANALYZER_NONNULL = YES;
				CLANG_ANALYZER_NUMBER_OBJECT_CONVERSION = YES_AGGRESSIVE;
				CLANG_CXX_LANGUAGE_STANDARD = "gnu++14";
				CLANG_CXX_LIBRARY = "libc++";
				CLANG_ENABLE_MODULES = YES;
				CLANG_ENABLE_OBJC_ARC = YES;
				CLANG_ENABLE_OBJC_WEAK = YES;
				CLANG_WARN_BLOCK_CAPTURE_AUTORELEASING = YES;
				CLANG_WARN_BOOL_CONVERSION = YES;
				CLANG_WARN_COMMA = YES;
				CLANG_WARN_CONSTANT_CONVERSION = YES;
				CLANG_WARN_DEPRECATED_OBJC_IMPLEMENTATIONS = YES;
				CLANG_WARN_DIRECT_OBJC_ISA_USAGE = YES_ERROR;
				CLANG_WARN_DOCUMENTATION_COMMENTS = YES;
				CLANG_WARN_EMPTY_BODY = YES;
				CLANG_WARN_ENUM_CONVERSION = YES;
				CLANG_WARN_INFINITE_RECURSION = YES;
				CLANG_WARN_INT_CONVERSION = YES;
				CLANG_WARN_NON_LITERAL_NULL_CONVERSION = YES;
				CLANG_WARN_OBJC_IMPLICIT_RETAIN_SELF = YES;
				CLANG_WARN_OBJC_LITERAL_CONVERSION = YES;
				CLANG_WARN_OBJC_ROOT_CLASS = YES_ERROR;
				CLANG_WARN_RANGE_LOOP_ANALYSIS = YES;
				CLANG_WARN_STRICT_PROTOTYPES = YES;
				CLANG_WARN_SUSPICIOUS_MOVE = YES;
				CLANG_WARN_UNGUARDED_AVAILABILITY = YES_AGGRESSIVE;
				CLANG_WARN_UNREACHABLE_CODE = YES;
				CLANG_WARN__DUPLICATE_METHOD_MATCH = YES;
				CODE_SIGN_IDENTITY = "iPhone Developer";
				COPY_PHASE_STRIP = NO;
				DEBUG_INFORMATION_FORMAT = "dwarf-with-dsym";
				ENABLE_NS_ASSERTIONS = NO;
				ENABLE_STRICT_OBJC_MSGSEND = YES;
				GCC_C_LANGUAGE_STANDARD = gnu11;
				GCC_NO_COMMON_BLOCKS = YES;
				GCC_WARN_64_TO_32_BIT_CONVERSION = YES;
				GCC_WARN_ABOUT_RETURN_TYPE = YES_ERROR;
				GCC_WARN_UNDECLARED_SELECTOR = YES;
				GCC_WARN_UNINITIALIZED_AUTOS = YES_AGGRESSIVE;
				GCC_WARN_UNUSED_FUNCTION = YES;
				GCC_WARN_UNUSED_VARIABLE = YES;
				IPHONEOS_DEPLOYMENT_TARGET = 12.4;
				MTL_ENABLE_DEBUG_INFO = NO;
				MTL_FAST_MATH = YES;
				SDKROOT = iphoneos;
				SWIFT_COMPILATION_MODE = wholemodule;
				SWIFT_OPTIMIZATION_LEVEL = "-O";
				VALIDATE_PRODUCT = YES;
			};
			name = Release;
		};
		BA55B27622E7596700AF013E /* Debug */ = {
			isa = XCBuildConfiguration;
			baseConfigurationReference = 820C62170B957C6A29C30774 /* Pods-IBMSeefood.debug.xcconfig */;
			buildSettings = {
				ASSETCATALOG_COMPILER_APPICON_NAME = AppIcon;
				CODE_SIGN_STYLE = Automatic;
				DEVELOPMENT_TEAM = J3NVQ5AFC2;
				INFOPLIST_FILE = IBMSeefood/Info.plist;
				IPHONEOS_DEPLOYMENT_TARGET = 12.4;
				LD_RUNPATH_SEARCH_PATHS = (
					"$(inherited)",
					"@executable_path/Frameworks",
				);
				PRODUCT_BUNDLE_IDENTIFIER = com.tanakamazivanhanga.IBMSeefood;
				PRODUCT_NAME = "$(TARGET_NAME)";
				SWIFT_VERSION = 5.0;
				TARGETED_DEVICE_FAMILY = 1;
			};
			name = Debug;
		};
		BA55B27722E7596700AF013E /* Release */ = {
			isa = XCBuildConfiguration;
			baseConfigurationReference = A43828A9729C8CF0A70EAFB5 /* Pods-IBMSeefood.release.xcconfig */;
			buildSettings = {
				ASSETCATALOG_COMPILER_APPICON_NAME = AppIcon;
				CODE_SIGN_STYLE = Automatic;
				DEVELOPMENT_TEAM = J3NVQ5AFC2;
				INFOPLIST_FILE = IBMSeefood/Info.plist;
				IPHONEOS_DEPLOYMENT_TARGET = 12.4;
				LD_RUNPATH_SEARCH_PATHS = (
					"$(inherited)",
					"@executable_path/Frameworks",
				);
				PRODUCT_BUNDLE_IDENTIFIER = com.tanakamazivanhanga.IBMSeefood;
				PRODUCT_NAME = "$(TARGET_NAME)";
				SWIFT_VERSION = 5.0;
				TARGETED_DEVICE_FAMILY = 1;
			};
			name = Release;
		};
/* End XCBuildConfiguration section */

/* Begin XCConfigurationList section */
		BA55B25E22E7596600AF013E /* Build configuration list for PBXProject "IBMSeefood" */ = {
			isa = XCConfigurationList;
			buildConfigurations = (
				BA55B27322E7596700AF013E /* Debug */,
				BA55B27422E7596700AF013E /* Release */,
			);
			defaultConfigurationIsVisible = 0;
			defaultConfigurationName = Release;
		};
		BA55B27522E7596700AF013E /* Build configuration list for PBXNativeTarget "IBMSeefood" */ = {
			isa = XCConfigurationList;
			buildConfigurations = (
				BA55B27622E7596700AF013E /* Debug */,
				BA55B27722E7596700AF013E /* Release */,
			);
			defaultConfigurationIsVisible = 0;
			defaultConfigurationName = Release;
		};
/* End XCConfigurationList section */
	};
	rootObject = BA55B25B22E7596600AF013E /* Project object */;
}
